// !$*UTF8*$!
{
	archiveVersion = 1;
	classes = {
	};
	objectVersion = 46;
	objects = {

/* Begin PBXBuildFile section */
		365B3471F91B94E3565072B1 /* libUtility.a in Frameworks */ = {isa = PBXBuildFile; fileRef = 930FF0597756F88BFB442699 /* libUtility.a */; };
		B68AC1CC0D182C3EE591400C /* main.cpp in Sources */ = {isa = PBXBuildFile; fileRef = E21F5234E590246666FCC874 /* main.cpp */; };
		CDA706B7BE9E74A92AA1F4F7 /* libscatha.dylib in Frameworks */ = {isa = PBXBuildFile; fileRef = D16B803F69B865F197FF667F /* libscatha.dylib */; };
/* End PBXBuildFile section */

/* Begin PBXContainerItemProxy section */
		38D451368F61BBA867DACF76 /* PBXContainerItemProxy */ = {
			isa = PBXContainerItemProxy;
			containerPortal = D09BECFD44F631EFC2D9BB3D /* external/utility/Utility.xcodeproj */;
			proxyType = 2;
			remoteGlobalIDString = 921C292392CF261506B0F763;
			remoteInfo = libUtility.a;
		};
		8B0EC3CFE19C2E41BA15420F /* PBXContainerItemProxy */ = {
			isa = PBXContainerItemProxy;
			containerPortal = D09BECFD44F631EFC2D9BB3D /* external/utility/Utility.xcodeproj */;
			proxyType = 1;
			remoteGlobalIDString = 63A1E8A906900F5B95B5EEE9;
			remoteInfo = libUtility.a;
		};
		AC13B776F4849BA839236DB6 /* PBXContainerItemProxy */ = {
			isa = PBXContainerItemProxy;
			containerPortal = EA90C7E837F3BE1AAE12BE28 /* scatha.xcodeproj */;
			proxyType = 2;
			remoteGlobalIDString = 120B09D6383139889F383016;
			remoteInfo = libscatha.dylib;
		};
		FE4E2A0F46BF0E418B5DE04F /* PBXContainerItemProxy */ = {
			isa = PBXContainerItemProxy;
			containerPortal = EA90C7E837F3BE1AAE12BE28 /* scatha.xcodeproj */;
			proxyType = 1;
			remoteGlobalIDString = 960DFEFC8F74006E830F5D3C;
			remoteInfo = libscatha.dylib;
		};
/* End PBXContainerItemProxy section */

/* Begin PBXFileReference section */
		CAF3B42E3C7ECCA0EB7FF26E /* playground */ = {isa = PBXFileReference; explicitFileType = "compiled.mach-o.executable"; includeInIndex = 0; name = playground; path = playground; sourceTree = BUILT_PRODUCTS_DIR; };
		D09BECFD44F631EFC2D9BB3D /* libUtility.a */ = {isa = PBXFileReference; lastKnownFileType = "wrapper.pb-project"; name = "Utility.xcodeproj"; path = external/utility/Utility.xcodeproj; sourceTree = SOURCE_ROOT; };
		E21F5234E590246666FCC874 /* main.cpp */ = {isa = PBXFileReference; lastKnownFileType = sourcecode.cpp.cpp; name = main.cpp; path = playground/main.cpp; sourceTree = "<group>"; };
		EA90C7E837F3BE1AAE12BE28 /* libscatha.dylib */ = {isa = PBXFileReference; lastKnownFileType = "wrapper.pb-project"; name = "scatha.xcodeproj"; path = scatha.xcodeproj; sourceTree = SOURCE_ROOT; };
/* End PBXFileReference section */

/* Begin PBXFrameworksBuildPhase section */
		6C46C29E79037210EDEDE0DE /* Frameworks */ = {
			isa = PBXFrameworksBuildPhase;
			buildActionMask = 2147483647;
			files = (
				CDA706B7BE9E74A92AA1F4F7 /* libscatha.dylib in Frameworks */,
				365B3471F91B94E3565072B1 /* libUtility.a in Frameworks */,
			);
			runOnlyForDeploymentPostprocessing = 0;
		};
/* End PBXFrameworksBuildPhase section */

/* Begin PBXCopyFilesBuildPhase section */
		6ECD328A9D73867CF6B4E0CA /* Embed Libraries */ = {
			isa = PBXCopyFilesBuildPhase;
			buildActionMask = 2147483647;
			dstPath = "";
			dstSubfolderSpec = 10;
			files = (
			);
			name = "Embed Libraries";
			runOnlyForDeploymentPostprocessing = 0;
		};
/* End PBXCopyFilesBuildPhase section */

/* Begin PBXGroup section */
		8724CFC57315DB77C54D7605 /* playground */ = {
			isa = PBXGroup;
			children = (
				E21F5234E590246666FCC874 /* main.cpp */,
				A6C936B49B3FADE6EA134CF4 /* Products */,
				9D968EAA920D05DCE0E0A4EA /* Projects */,
			);
			name = playground;
			sourceTree = "<group>";
		};
		8AE38FB6D35473E817F345F6 /* Products */ = {
			isa = PBXGroup;
			children = (
				930FF0597756F88BFB442699 /* libUtility.a */,
			);
			name = Products;
			sourceTree = "<group>";
		};
		9D968EAA920D05DCE0E0A4EA /* Projects */ = {
			isa = PBXGroup;
			children = (
				EA90C7E837F3BE1AAE12BE28 /* scatha.xcodeproj */,
				D09BECFD44F631EFC2D9BB3D /* Utility.xcodeproj */,
			);
			name = Projects;
			sourceTree = "<group>";
		};
		A6C936B49B3FADE6EA134CF4 /* Products */ = {
			isa = PBXGroup;
			children = (
				CAF3B42E3C7ECCA0EB7FF26E /* playground */,
			);
			name = Products;
			sourceTree = "<group>";
		};
		C4AF2DF6AF9B53E8F7811C36 /* Products */ = {
			isa = PBXGroup;
			children = (
				D16B803F69B865F197FF667F /* libscatha.dylib */,
			);
			name = Products;
			sourceTree = "<group>";
		};
/* End PBXGroup section */

/* Begin PBXNativeTarget section */
		74DEBE54784F9086F9BC3494 /* playground */ = {
			isa = PBXNativeTarget;
			buildConfigurationList = 5A820AFD673EBA6FDC29293D /* Build configuration list for PBXNativeTarget "playground" */;
			buildPhases = (
				DC2E433EE8EAF2B05DD5617E /* Resources */,
				45DB5C9552980C07C7827AD5 /* Sources */,
				6C46C29E79037210EDEDE0DE /* Frameworks */,
				6ECD328A9D73867CF6B4E0CA /* Embed Libraries */,
			);
			buildRules = (
			);
			dependencies = (
				B2676AFF9D5390F1E539593F /* PBXTargetDependency */,
				789BCCBFC10CB0F105AB82FF /* PBXTargetDependency */,
			);
			name = playground;
			productInstallPath = "$(HOME)/bin";
			productName = playground;
			productReference = CAF3B42E3C7ECCA0EB7FF26E /* playground */;
			productType = "com.apple.product-type.tool";
		};
/* End PBXNativeTarget section */

/* Begin PBXProject section */
		08FB7793FE84155DC02AAC07 /* Project object */ = {
			isa = PBXProject;
			buildConfigurationList = 1DEB928908733DD80010E9CD /* Build configuration list for PBXProject "playground" */;
			compatibilityVersion = "Xcode 3.2";
			hasScannedForEncodings = 1;
			mainGroup = 8724CFC57315DB77C54D7605 /* playground */;
			projectDirPath = "";
			projectReferences = (
				{
					ProductGroup = C4AF2DF6AF9B53E8F7811C36 /* Products */;
					ProjectRef = EA90C7E837F3BE1AAE12BE28 /* scatha.xcodeproj */;
				},
				{
					ProductGroup = 8AE38FB6D35473E817F345F6 /* Products */;
					ProjectRef = D09BECFD44F631EFC2D9BB3D /* Utility.xcodeproj */;
				},
			);
			projectRoot = "";
			targets = (
				74DEBE54784F9086F9BC3494 /* playground */,
			);
		};
/* End PBXProject section */

/* Begin PBXReferenceProxy section */
		930FF0597756F88BFB442699 /* libUtility.a */ = {
			isa = PBXReferenceProxy;
			fileType = archive.ar;
			path = libUtility.a;
			remoteRef = 38D451368F61BBA867DACF76 /* PBXContainerItemProxy */;
			sourceTree = BUILT_PRODUCTS_DIR;
		};
		D16B803F69B865F197FF667F /* libscatha.dylib */ = {
			isa = PBXReferenceProxy;
			fileType = "compiled.mach-o.dylib";
			path = libscatha.dylib;
			remoteRef = AC13B776F4849BA839236DB6 /* PBXContainerItemProxy */;
			sourceTree = BUILT_PRODUCTS_DIR;
		};
/* End PBXReferenceProxy section */

/* Begin PBXResourcesBuildPhase section */
		DC2E433EE8EAF2B05DD5617E /* Resources */ = {
			isa = PBXResourcesBuildPhase;
			buildActionMask = 2147483647;
			files = (
			);
			runOnlyForDeploymentPostprocessing = 0;
		};
/* End PBXResourcesBuildPhase section */

/* Begin PBXSourcesBuildPhase section */
		45DB5C9552980C07C7827AD5 /* Sources */ = {
			isa = PBXSourcesBuildPhase;
			buildActionMask = 2147483647;
			files = (
				B68AC1CC0D182C3EE591400C /* main.cpp in Sources */,
			);
			runOnlyForDeploymentPostprocessing = 0;
		};
/* End PBXSourcesBuildPhase section */

/* Begin PBXTargetDependency section */
		789BCCBFC10CB0F105AB82FF /* PBXTargetDependency */ = {
			isa = PBXTargetDependency;
			name = libUtility.a;
			targetProxy = 8B0EC3CFE19C2E41BA15420F /* PBXContainerItemProxy */;
		};
		B2676AFF9D5390F1E539593F /* PBXTargetDependency */ = {
			isa = PBXTargetDependency;
			name = libscatha.dylib;
			targetProxy = FE4E2A0F46BF0E418B5DE04F /* PBXContainerItemProxy */;
		};
/* End PBXTargetDependency section */

/* Begin PBXVariantGroup section */
/* End PBXVariantGroup section */

/* Begin XCBuildConfiguration section */
		50A69D4EC231B5C07132DB8E /* release */ = {
			isa = XCBuildConfiguration;
			buildSettings = {
				ARCHS = "$(NATIVE_ARCH_ACTUAL)";
				CLANG_CXX_LANGUAGE_STANDARD = "c++2a";
				CONFIGURATION_BUILD_DIR = "$(SYMROOT)";
				CONFIGURATION_TEMP_DIR = "$(OBJROOT)";
				GCC_OPTIMIZATION_LEVEL = 3;
				GCC_PREPROCESSOR_DEFINITIONS = (
					NDEBUG,
				);
				GCC_SYMBOLS_PRIVATE_EXTERN = NO;
				GCC_WARN_ABOUT_RETURN_TYPE = YES;
				GCC_WARN_UNUSED_VARIABLE = YES;
				LD_RUNPATH_SEARCH_PATHS = (
					"@loader_path/.",
				);
				OBJROOT = build/obj/release/release/playground;
				ONLY_ACTIVE_ARCH = NO;
				SYMROOT = build/bin/release;
				SYSTEM_HEADER_SEARCH_PATHS = (
					.,
					include,
					external/utility,
					"$(inherited)",
				);
			};
			name = release;
		};
		6F61CB1D9EF39A0F7A00D95D /* release */ = {
			isa = XCBuildConfiguration;
			buildSettings = {
				ALWAYS_SEARCH_USER_PATHS = NO;
				CONFIGURATION_BUILD_DIR = build/bin/release;
				DEBUG_INFORMATION_FORMAT = "dwarf-with-dsym";
				GCC_DYNAMIC_NO_PIC = NO;
				INSTALL_PATH = /usr/local/bin;
				PRODUCT_NAME = playground;
			};
			name = release;
		};
		B7DE4B630E6BB5D5E6E4C9A3 /* debug */ = {
			isa = XCBuildConfiguration;
			buildSettings = {
				ALWAYS_SEARCH_USER_PATHS = NO;
				CONFIGURATION_BUILD_DIR = build/bin/debug;
				DEBUG_INFORMATION_FORMAT = "dwarf-with-dsym";
				GCC_DYNAMIC_NO_PIC = NO;
				INSTALL_PATH = /usr/local/bin;
				PRODUCT_NAME = playground;
			};
			name = debug;
		};
		BDCAEE14EC71420645B29C54 /* debug */ = {
			isa = XCBuildConfiguration;
			buildSettings = {
				ARCHS = "$(NATIVE_ARCH_ACTUAL)";
				CLANG_CXX_LANGUAGE_STANDARD = "c++2a";
				CONFIGURATION_BUILD_DIR = "$(SYMROOT)";
				CONFIGURATION_TEMP_DIR = "$(OBJROOT)";
				COPY_PHASE_STRIP = NO;
				GCC_ENABLE_FIX_AND_CONTINUE = YES;
				GCC_OPTIMIZATION_LEVEL = 0;
				GCC_SYMBOLS_PRIVATE_EXTERN = NO;
				GCC_WARN_ABOUT_RETURN_TYPE = YES;
				GCC_WARN_UNUSED_VARIABLE = YES;
				LD_RUNPATH_SEARCH_PATHS = (
					"@loader_path/.",
				);
				OBJROOT = build/obj/debug/debug/playground;
				ONLY_ACTIVE_ARCH = YES;
				SYMROOT = build/bin/debug;
				SYSTEM_HEADER_SEARCH_PATHS = (
					.,
					include,
					external/utility,
					"$(inherited)",
				);
			};
			name = debug;
		};
/* End XCBuildConfiguration section */

/* Begin XCConfigurationList section */
		1DEB928908733DD80010E9CD /* Build configuration list for PBXProject "playground" */ = {
			isa = XCConfigurationList;
			buildConfigurations = (
				BDCAEE14EC71420645B29C54 /* debug */,
				50A69D4EC231B5C07132DB8E /* release */,
			);
			defaultConfigurationIsVisible = 0;
			defaultConfigurationName = debug;
		};
		5A820AFD673EBA6FDC29293D /* Build configuration list for PBXNativeTarget "playground" */ = {
			isa = XCConfigurationList;
			buildConfigurations = (
				B7DE4B630E6BB5D5E6E4C9A3 /* debug */,
				6F61CB1D9EF39A0F7A00D95D /* release */,
			);
			defaultConfigurationIsVisible = 0;
			defaultConfigurationName = debug;
		};
/* End XCConfigurationList section */
};
rootObject = 08FB7793FE84155DC02AAC07 /* Project object */;
}