// !$*UTF8*$!
{
	archiveVersion = 1;
	classes = {
	};
	objectVersion = 46;
	objects = {

/* Begin PBXBuildFile section */
		0E2E89625B917F94D1B07FA2 /* Token.cc in Sources */ = {isa = PBXBuildFile; fileRef = EB40B5EAD62CDBDC1E12A42A /* Token.cc */; };
		1C89F220B200B152209D0860 /* TokenEx.cc in Sources */ = {isa = PBXBuildFile; fileRef = C1D8D008F16A9EFACC77DE48 /* TokenEx.cc */; };
		1CAB37A4E016F9561EBA9DE4 /* Type.cc in Sources */ = {isa = PBXBuildFile; fileRef = C067520CB9CD537EAD68B04C /* Type.cc */; };
		207CBB7404C3C3A688B0F1B4 /* TypeTable.cc in Sources */ = {isa = PBXBuildFile; fileRef = 7A657DDCAB4975CEBE61AC1C /* TypeTable.cc */; };
		365B3471F91B94E3565072B1 /* libUtility.a in Frameworks */ = {isa = PBXBuildFile; fileRef = 930FF0597756F88BFB442699 /* libUtility.a */; };
		54E7ABCC28CF2C2F001F87A1 /* ParseTree.cc in Sources */ = {isa = PBXBuildFile; fileRef = 54E7ABCB28CF2C2F001F87A1 /* ParseTree.cc */; };
		54E7ABD128CF3D00001F87A1 /* ParserError.cc in Sources */ = {isa = PBXBuildFile; fileRef = 54E7ABD028CF3D00001F87A1 /* ParserError.cc */; };
		6773D66BD49BE4DDD62ED4AB /* LexerError.cc in Sources */ = {isa = PBXBuildFile; fileRef = 6F81D0D3BCE4C7053303C713 /* LexerError.cc */; };
		730C311D64039F0FD0071F5D /* CodeGenerator.cc in Sources */ = {isa = PBXBuildFile; fileRef = 3D7EE385D5CBC9370412C9C5 /* CodeGenerator.cc */; };
		948300475B10F7B9C9131E87 /* Function.cc in Sources */ = {isa = PBXBuildFile; fileRef = 2D47ED2FC2BEAC61315B036F /* Function.cc */; };
		97A24EA5398BEA9730B2FCE5 /* Statement.cc in Sources */ = {isa = PBXBuildFile; fileRef = 038B17ADD1AE6B5F58BCBDED /* Statement.cc */; };
		A5CF0DFC84EC282E60F5843C /* FunctionTable.cc in Sources */ = {isa = PBXBuildFile; fileRef = F2E937E4857701D6EE4FA624 /* FunctionTable.cc */; };
		AE9911B7DF7D09A9F2953FF7 /* Lexer.cc in Sources */ = {isa = PBXBuildFile; fileRef = 7FDD725FA603A2110D0A989F /* Lexer.cc */; };
		B6F2651B79B2C58DD6E7A35B /* Expression.cc in Sources */ = {isa = PBXBuildFile; fileRef = 2199F0C305E0F8F589CE2703 /* Expression.cc */; };
		B7972F0D24BF3D7F26522D4D /* LexerUtil.cpp in Sources */ = {isa = PBXBuildFile; fileRef = C7D78255153A78878B597895 /* LexerUtil.cpp */; };
		B89CCD5BB25E89CDEC5D8B9B /* ASTNode.cc in Sources */ = {isa = PBXBuildFile; fileRef = 7EE30643C753EA750BF2BC83 /* ASTNode.cc */; };
		BBBB14CB132087BDC52EA30B /* Program.cc in Sources */ = {isa = PBXBuildFile; fileRef = 037A247335736F25AF52AAB3 /* Program.cc */; };
		BF9EA262A3E5AA9427D2D8A2 /* Allocator.cc in Sources */ = {isa = PBXBuildFile; fileRef = 4E23EAEA7F07E2DC9220192A /* Allocator.cc */; };
		C061B70F16EF2181EF68354F /* AST.cc in Sources */ = {isa = PBXBuildFile; fileRef = 033B3AB706AC0CE98818B0F7 /* AST.cc */; };
		C9C197DEFBBAE290759A1E1E /* Parser.cc in Sources */ = {isa = PBXBuildFile; fileRef = EF9817E6462582581E9E9626 /* Parser.cc */; };
		CC9F4687932D3DF9012F64C7 /* Variable.cc in Sources */ = {isa = PBXBuildFile; fileRef = 950DAF6F2A846EA19920C5AF /* Variable.cc */; };
		CD13EA2E628AA960D127006E /* Keyword.cc in Sources */ = {isa = PBXBuildFile; fileRef = 6BDAA8369B6C77287679B676 /* Keyword.cc */; };
		F466EE740F335D261303F4B4 /* SourceLocation.cc in Sources */ = {isa = PBXBuildFile; fileRef = 8676BDDCF39ECC4EF531BC1C /* SourceLocation.cc */; };
/* End PBXBuildFile section */

/* Begin PBXContainerItemProxy section */
		38D451368F61BBA867DACF76 /* PBXContainerItemProxy */ = {
			isa = PBXContainerItemProxy;
			containerPortal = D09BECFD44F631EFC2D9BB3D /* Utility.xcodeproj */;
			proxyType = 2;
			remoteGlobalIDString = 921C292392CF261506B0F763;
			remoteInfo = libUtility.a;
		};
		8B0EC3CFE19C2E41BA15420F /* PBXContainerItemProxy */ = {
			isa = PBXContainerItemProxy;
			containerPortal = D09BECFD44F631EFC2D9BB3D /* Utility.xcodeproj */;
			proxyType = 1;
			remoteGlobalIDString = 63A1E8A906900F5B95B5EEE9;
			remoteInfo = libUtility.a;
		};
/* End PBXContainerItemProxy section */

/* Begin PBXCopyFilesBuildPhase section */
		4142FE325855996448719472 /* Embed Libraries */ = {
			isa = PBXCopyFilesBuildPhase;
			buildActionMask = 2147483647;
			dstPath = "";
			dstSubfolderSpec = 10;
			files = (
			);
			name = "Embed Libraries";
			runOnlyForDeploymentPostprocessing = 0;
		};
/* End PBXCopyFilesBuildPhase section */

/* Begin PBXFileReference section */
		033B3AB706AC0CE98818B0F7 /* AST.cc */ = {isa = PBXFileReference; lastKnownFileType = sourcecode.cpp.cpp; name = AST.cc; path = lib/AST/AST.cc; sourceTree = "<group>"; };
		037A247335736F25AF52AAB3 /* Program.cc */ = {isa = PBXFileReference; lastKnownFileType = sourcecode.cpp.cpp; name = Program.cc; path = lib/ExecutionTree/Program.cc; sourceTree = "<group>"; };
		038B17ADD1AE6B5F58BCBDED /* Statement.cc */ = {isa = PBXFileReference; lastKnownFileType = sourcecode.cpp.cpp; name = Statement.cc; path = lib/ExecutionTree/Statement.cc; sourceTree = "<group>"; };
		03AD879BA800254DBA386DDB /* AST.h */ = {isa = PBXFileReference; lastKnownFileType = sourcecode.c.h; name = AST.h; path = lib/AST/AST.h; sourceTree = "<group>"; };
		120B09D6383139889F383016 /* libscatha.dylib */ = {isa = PBXFileReference; explicitFileType = "compiled.mach-o.dylib"; includeInIndex = 0; path = libscatha.dylib; sourceTree = BUILT_PRODUCTS_DIR; };
		12F22B5760552189D6742197 /* Program.h */ = {isa = PBXFileReference; lastKnownFileType = sourcecode.c.h; name = Program.h; path = lib/ExecutionTree/Program.h; sourceTree = "<group>"; };
		189ABB134A9405C5C4734153 /* Function.h */ = {isa = PBXFileReference; lastKnownFileType = sourcecode.c.h; name = Function.h; path = lib/ExecutionTree/Function.h; sourceTree = "<group>"; };
		1E0C99E74432C999AB39C027 /* ASTNode.h */ = {isa = PBXFileReference; lastKnownFileType = sourcecode.c.h; name = ASTNode.h; path = lib/AST/ASTNode.h; sourceTree = "<group>"; };
		2199F0C305E0F8F589CE2703 /* Expression.cc */ = {isa = PBXFileReference; lastKnownFileType = sourcecode.cpp.cpp; name = Expression.cc; path = lib/ExecutionTree/Expression.cc; sourceTree = "<group>"; };
		2D47ED2FC2BEAC61315B036F /* Function.cc */ = {isa = PBXFileReference; lastKnownFileType = sourcecode.cpp.cpp; name = Function.cc; path = lib/ExecutionTree/Function.cc; sourceTree = "<group>"; };
		372909A87B77AF1ABD9EE7E8 /* FunctionTable.h */ = {isa = PBXFileReference; lastKnownFileType = sourcecode.c.h; name = FunctionTable.h; path = lib/Common/FunctionTable.h; sourceTree = "<group>"; };
		38B0D1536AAA1C05E4895793 /* Variable.h */ = {isa = PBXFileReference; lastKnownFileType = sourcecode.c.h; name = Variable.h; path = lib/ExecutionTree/Variable.h; sourceTree = "<group>"; };
		3D7EE385D5CBC9370412C9C5 /* CodeGenerator.cc */ = {isa = PBXFileReference; lastKnownFileType = sourcecode.cpp.cpp; name = CodeGenerator.cc; path = lib/CodeGenerator/CodeGenerator.cc; sourceTree = "<group>"; };
		4E23EAEA7F07E2DC9220192A /* Allocator.cc */ = {isa = PBXFileReference; lastKnownFileType = sourcecode.cpp.cpp; name = Allocator.cc; path = lib/Common/Allocator.cc; sourceTree = "<group>"; };
		4F437FCA3A2FA5BC82156E0A /* Parser.h */ = {isa = PBXFileReference; lastKnownFileType = sourcecode.c.h; name = Parser.h; path = lib/Parser/Parser.h; sourceTree = "<group>"; };
		52514820AD929B9280ECE660 /* TypeTable.h */ = {isa = PBXFileReference; lastKnownFileType = sourcecode.c.h; name = TypeTable.h; path = lib/Common/TypeTable.h; sourceTree = "<group>"; };
		54E7ABCA28CF2C2F001F87A1 /* ParseTree.h */ = {isa = PBXFileReference; lastKnownFileType = sourcecode.c.h; name = ParseTree.h; path = lib/Parser/ParseTree.h; sourceTree = "<group>"; };
		54E7ABCB28CF2C2F001F87A1 /* ParseTree.cc */ = {isa = PBXFileReference; lastKnownFileType = sourcecode.cpp.cpp; name = ParseTree.cc; path = lib/Parser/ParseTree.cc; sourceTree = "<group>"; };
		54E7ABCF28CF3D00001F87A1 /* ParserError.h */ = {isa = PBXFileReference; lastKnownFileType = sourcecode.c.h; name = ParserError.h; path = lib/Parser/ParserError.h; sourceTree = "<group>"; };
		54E7ABD028CF3D00001F87A1 /* ParserError.cc */ = {isa = PBXFileReference; lastKnownFileType = sourcecode.cpp.cpp; name = ParserError.cc; path = lib/Parser/ParserError.cc; sourceTree = "<group>"; };
		5DCB53672BEEA719B2FCF9A7 /* Expression.h */ = {isa = PBXFileReference; lastKnownFileType = sourcecode.c.h; name = Expression.h; path = lib/ExecutionTree/Expression.h; sourceTree = "<group>"; };
		6BAE3869AFC2099BA3938EA9 /* CodeGenerator.h */ = {isa = PBXFileReference; lastKnownFileType = sourcecode.c.h; name = CodeGenerator.h; path = lib/CodeGenerator/CodeGenerator.h; sourceTree = "<group>"; };
		6BDAA8369B6C77287679B676 /* Keyword.cc */ = {isa = PBXFileReference; lastKnownFileType = sourcecode.cpp.cpp; name = Keyword.cc; path = lib/Parser/Keyword.cc; sourceTree = "<group>"; };
		6F81D0D3BCE4C7053303C713 /* LexerError.cc */ = {isa = PBXFileReference; lastKnownFileType = sourcecode.cpp.cpp; name = LexerError.cc; path = lib/Lexer/LexerError.cc; sourceTree = "<group>"; };
		7428261074DB2302E8BCF450 /* Type.h */ = {isa = PBXFileReference; lastKnownFileType = sourcecode.c.h; name = Type.h; path = lib/Common/Type.h; sourceTree = "<group>"; };
		7A4607F348695BA5CF77AE33 /* JumpBuffer.h */ = {isa = PBXFileReference; lastKnownFileType = sourcecode.c.h; name = JumpBuffer.h; path = lib/ExecutionTree/JumpBuffer.h; sourceTree = "<group>"; };
		7A657DDCAB4975CEBE61AC1C /* TypeTable.cc */ = {isa = PBXFileReference; lastKnownFileType = sourcecode.cpp.cpp; name = TypeTable.cc; path = lib/Common/TypeTable.cc; sourceTree = "<group>"; };
		7CB3EF5AD34159CCABBA6D9A /* Keyword.h */ = {isa = PBXFileReference; lastKnownFileType = sourcecode.c.h; name = Keyword.h; path = lib/Parser/Keyword.h; sourceTree = "<group>"; };
		7EE30643C753EA750BF2BC83 /* ASTNode.cc */ = {isa = PBXFileReference; lastKnownFileType = sourcecode.cpp.cpp; name = ASTNode.cc; path = lib/AST/ASTNode.cc; sourceTree = "<group>"; };
		7FDD725FA603A2110D0A989F /* Lexer.cc */ = {isa = PBXFileReference; lastKnownFileType = sourcecode.cpp.cpp; name = Lexer.cc; path = lib/Lexer/Lexer.cc; sourceTree = "<group>"; };
		8676BDDCF39ECC4EF531BC1C /* SourceLocation.cc */ = {isa = PBXFileReference; lastKnownFileType = sourcecode.cpp.cpp; name = SourceLocation.cc; path = lib/Common/SourceLocation.cc; sourceTree = "<group>"; };
		8AACFC43A1BF977591DB9283 /* Lexer.h */ = {isa = PBXFileReference; lastKnownFileType = sourcecode.c.h; name = Lexer.h; path = lib/Lexer/Lexer.h; sourceTree = "<group>"; };
		8D38908EE879E400BBD42ECE /* Allocator.h */ = {isa = PBXFileReference; lastKnownFileType = sourcecode.c.h; name = Allocator.h; path = lib/Common/Allocator.h; sourceTree = "<group>"; };
		928F7869A9A2139B99BE0EA9 /* Basic.h */ = {isa = PBXFileReference; lastKnownFileType = sourcecode.c.h; name = Basic.h; path = lib/Basic/Basic.h; sourceTree = "<group>"; };
		950DAF6F2A846EA19920C5AF /* Variable.cc */ = {isa = PBXFileReference; lastKnownFileType = sourcecode.cpp.cpp; name = Variable.cc; path = lib/ExecutionTree/Variable.cc; sourceTree = "<group>"; };
		9FC4B077C5EAE0292CF1D6B7 /* Memory.h */ = {isa = PBXFileReference; lastKnownFileType = sourcecode.c.h; name = Memory.h; path = lib/Basic/Memory.h; sourceTree = "<group>"; };
		A09F9D60332D67529C060BA0 /* SourceLocation.h */ = {isa = PBXFileReference; lastKnownFileType = sourcecode.c.h; name = SourceLocation.h; path = lib/Common/SourceLocation.h; sourceTree = "<group>"; };
		AD807C3142F73B63B1939271 /* Statement.h */ = {isa = PBXFileReference; lastKnownFileType = sourcecode.c.h; name = Statement.h; path = lib/ExecutionTree/Statement.h; sourceTree = "<group>"; };
		B22D828EAB9384009F2EE0CE /* Token.h */ = {isa = PBXFileReference; lastKnownFileType = sourcecode.c.h; name = Token.h; path = lib/Common/Token.h; sourceTree = "<group>"; };
		B283103775EED1E9B4927677 /* LexerError.h */ = {isa = PBXFileReference; lastKnownFileType = sourcecode.c.h; name = LexerError.h; path = lib/Lexer/LexerError.h; sourceTree = "<group>"; };
		C067520CB9CD537EAD68B04C /* Type.cc */ = {isa = PBXFileReference; lastKnownFileType = sourcecode.cpp.cpp; name = Type.cc; path = lib/Common/Type.cc; sourceTree = "<group>"; };
		C1D8D008F16A9EFACC77DE48 /* TokenEx.cc */ = {isa = PBXFileReference; lastKnownFileType = sourcecode.cpp.cpp; name = TokenEx.cc; path = lib/Parser/TokenEx.cc; sourceTree = "<group>"; };
		C7D78255153A78878B597895 /* LexerUtil.cpp */ = {isa = PBXFileReference; lastKnownFileType = sourcecode.cpp.cpp; name = LexerUtil.cpp; path = lib/Lexer/LexerUtil.cpp; sourceTree = "<group>"; };
		C8DF1DBFEAAACAF1275FF3FF /* LexerUtil.h */ = {isa = PBXFileReference; lastKnownFileType = sourcecode.c.h; name = LexerUtil.h; path = lib/Lexer/LexerUtil.h; sourceTree = "<group>"; };
		D09BECFD44F631EFC2D9BB3D /* Utility.xcodeproj */ = {isa = PBXFileReference; lastKnownFileType = "wrapper.pb-project"; name = Utility.xcodeproj; path = external/utility/Utility.xcodeproj; sourceTree = SOURCE_ROOT; };
		EB40B5EAD62CDBDC1E12A42A /* Token.cc */ = {isa = PBXFileReference; lastKnownFileType = sourcecode.cpp.cpp; name = Token.cc; path = lib/Common/Token.cc; sourceTree = "<group>"; };
		EF4695CC45D4003E1E4D140C /* TokenEx.h */ = {isa = PBXFileReference; lastKnownFileType = sourcecode.c.h; name = TokenEx.h; path = lib/Parser/TokenEx.h; sourceTree = "<group>"; };
		EF9817E6462582581E9E9626 /* Parser.cc */ = {isa = PBXFileReference; lastKnownFileType = sourcecode.cpp.cpp; name = Parser.cc; path = lib/Parser/Parser.cc; sourceTree = "<group>"; };
		F2E937E4857701D6EE4FA624 /* FunctionTable.cc */ = {isa = PBXFileReference; lastKnownFileType = sourcecode.cpp.cpp; name = FunctionTable.cc; path = lib/Common/FunctionTable.cc; sourceTree = "<group>"; };
/* End PBXFileReference section */

/* Begin PBXFrameworksBuildPhase section */
		54058446F6F3AAF886198A86 /* Frameworks */ = {
			isa = PBXFrameworksBuildPhase;
			buildActionMask = 2147483647;
			files = (
				365B3471F91B94E3565072B1 /* libUtility.a in Frameworks */,
			);
			runOnlyForDeploymentPostprocessing = 0;
		};
/* End PBXFrameworksBuildPhase section */

/* Begin PBXGroup section */
		5A1ABD9437C5C0460B6A43D4 /* scatha */ = {
			isa = PBXGroup;
			children = (
				F7E6BA98E3D7C64A360F60D8 /* AST */,
				F691FD0C46A591BEC923C34C /* Basic */,
				92E0310CBB1AE9BEA2B6774C /* CodeGenerator */,
				9028495A3373D28C4E449F9A /* Common */,
				F44686501C813F02041CCC90 /* ExecutionTree */,
				6E07FB88BE1B903A4099C1C8 /* Lexer */,
				969ED0E239EA5A1454BB2722 /* Parser */,
				A6C936B49B3FADE6EA134CF4 /* Products */,
				9D968EAA920D05DCE0E0A4EA /* Projects */,
			);
			name = scatha;
			sourceTree = "<group>";
		};
		6E07FB88BE1B903A4099C1C8 /* Lexer */ = {
			isa = PBXGroup;
			children = (
				7FDD725FA603A2110D0A989F /* Lexer.cc */,
				8AACFC43A1BF977591DB9283 /* Lexer.h */,
				6F81D0D3BCE4C7053303C713 /* LexerError.cc */,
				B283103775EED1E9B4927677 /* LexerError.h */,
				C7D78255153A78878B597895 /* LexerUtil.cpp */,
				C8DF1DBFEAAACAF1275FF3FF /* LexerUtil.h */,
			);
			name = Lexer;
			sourceTree = "<group>";
		};
		8AE38FB6D35473E817F345F6 /* Products */ = {
			isa = PBXGroup;
			children = (
				930FF0597756F88BFB442699 /* libUtility.a */,
			);
			name = Products;
			sourceTree = "<group>";
		};
		9028495A3373D28C4E449F9A /* Common */ = {
			isa = PBXGroup;
			children = (
				4E23EAEA7F07E2DC9220192A /* Allocator.cc */,
				8D38908EE879E400BBD42ECE /* Allocator.h */,
				F2E937E4857701D6EE4FA624 /* FunctionTable.cc */,
				372909A87B77AF1ABD9EE7E8 /* FunctionTable.h */,
				8676BDDCF39ECC4EF531BC1C /* SourceLocation.cc */,
				A09F9D60332D67529C060BA0 /* SourceLocation.h */,
				EB40B5EAD62CDBDC1E12A42A /* Token.cc */,
				B22D828EAB9384009F2EE0CE /* Token.h */,
				C067520CB9CD537EAD68B04C /* Type.cc */,
				7428261074DB2302E8BCF450 /* Type.h */,
				7A657DDCAB4975CEBE61AC1C /* TypeTable.cc */,
				52514820AD929B9280ECE660 /* TypeTable.h */,
			);
			name = Common;
			sourceTree = "<group>";
		};
		92E0310CBB1AE9BEA2B6774C /* CodeGenerator */ = {
			isa = PBXGroup;
			children = (
				3D7EE385D5CBC9370412C9C5 /* CodeGenerator.cc */,
				6BAE3869AFC2099BA3938EA9 /* CodeGenerator.h */,
			);
			name = CodeGenerator;
			sourceTree = "<group>";
		};
		969ED0E239EA5A1454BB2722 /* Parser */ = {
			isa = PBXGroup;
			children = (
				6BDAA8369B6C77287679B676 /* Keyword.cc */,
				7CB3EF5AD34159CCABBA6D9A /* Keyword.h */,
				EF9817E6462582581E9E9626 /* Parser.cc */,
				4F437FCA3A2FA5BC82156E0A /* Parser.h */,
				C1D8D008F16A9EFACC77DE48 /* TokenEx.cc */,
				EF4695CC45D4003E1E4D140C /* TokenEx.h */,
				54E7ABCA28CF2C2F001F87A1 /* ParseTree.h */,
				54E7ABCB28CF2C2F001F87A1 /* ParseTree.cc */,
				54E7ABCF28CF3D00001F87A1 /* ParserError.h */,
				54E7ABD028CF3D00001F87A1 /* ParserError.cc */,
			);
			name = Parser;
			sourceTree = "<group>";
		};
		9D968EAA920D05DCE0E0A4EA /* Projects */ = {
			isa = PBXGroup;
			children = (
				D09BECFD44F631EFC2D9BB3D /* Utility.xcodeproj */,
			);
			name = Projects;
			sourceTree = "<group>";
		};
		A6C936B49B3FADE6EA134CF4 /* Products */ = {
			isa = PBXGroup;
			children = (
				120B09D6383139889F383016 /* libscatha.dylib */,
			);
			name = Products;
			sourceTree = "<group>";
		};
		F44686501C813F02041CCC90 /* ExecutionTree */ = {
			isa = PBXGroup;
			children = (
				2199F0C305E0F8F589CE2703 /* Expression.cc */,
				5DCB53672BEEA719B2FCF9A7 /* Expression.h */,
				2D47ED2FC2BEAC61315B036F /* Function.cc */,
				189ABB134A9405C5C4734153 /* Function.h */,
				7A4607F348695BA5CF77AE33 /* JumpBuffer.h */,
				037A247335736F25AF52AAB3 /* Program.cc */,
				12F22B5760552189D6742197 /* Program.h */,
				038B17ADD1AE6B5F58BCBDED /* Statement.cc */,
				AD807C3142F73B63B1939271 /* Statement.h */,
				950DAF6F2A846EA19920C5AF /* Variable.cc */,
				38B0D1536AAA1C05E4895793 /* Variable.h */,
			);
			name = ExecutionTree;
			sourceTree = "<group>";
		};
		F691FD0C46A591BEC923C34C /* Basic */ = {
			isa = PBXGroup;
			children = (
				928F7869A9A2139B99BE0EA9 /* Basic.h */,
				9FC4B077C5EAE0292CF1D6B7 /* Memory.h */,
			);
			name = Basic;
			sourceTree = "<group>";
		};
		F7E6BA98E3D7C64A360F60D8 /* AST */ = {
			isa = PBXGroup;
			children = (
				033B3AB706AC0CE98818B0F7 /* AST.cc */,
				03AD879BA800254DBA386DDB /* AST.h */,
				7EE30643C753EA750BF2BC83 /* ASTNode.cc */,
				1E0C99E74432C999AB39C027 /* ASTNode.h */,
			);
			name = AST;
			sourceTree = "<group>";
		};
/* End PBXGroup section */

/* Begin PBXNativeTarget section */
		960DFEFC8F74006E830F5D3C /* scatha */ = {
			isa = PBXNativeTarget;
			buildConfigurationList = 4240CCA5E52EF3577454D2E5 /* Build configuration list for PBXNativeTarget "scatha" */;
			buildPhases = (
				C3ED04E666DB2B98F6010B26 /* Resources */,
				2D9A1E3DD08844EF5FAE247D /* Sources */,
				54058446F6F3AAF886198A86 /* Frameworks */,
				4142FE325855996448719472 /* Embed Libraries */,
			);
			buildRules = (
			);
			dependencies = (
				789BCCBFC10CB0F105AB82FF /* PBXTargetDependency */,
			);
			name = scatha;
			productName = scatha;
			productReference = 120B09D6383139889F383016 /* libscatha.dylib */;
			productType = "com.apple.product-type.library.dynamic";
		};
/* End PBXNativeTarget section */

/* Begin PBXProject section */
		08FB7793FE84155DC02AAC07 /* Project object */ = {
			isa = PBXProject;
			attributes = {
			};
			buildConfigurationList = 1DEB928908733DD80010E9CD /* Build configuration list for PBXProject "scatha" */;
			compatibilityVersion = "Xcode 3.2";
			developmentRegion = en;
			hasScannedForEncodings = 1;
			knownRegions = (
				en,
				Base,
			);
			mainGroup = 5A1ABD9437C5C0460B6A43D4 /* scatha */;
			projectDirPath = "";
			projectReferences = (
				{
					ProductGroup = 8AE38FB6D35473E817F345F6 /* Products */;
					ProjectRef = D09BECFD44F631EFC2D9BB3D /* Utility.xcodeproj */;
				},
			);
			projectRoot = "";
			targets = (
				960DFEFC8F74006E830F5D3C /* scatha */,
			);
		};
/* End PBXProject section */

/* Begin PBXReferenceProxy section */
		930FF0597756F88BFB442699 /* libUtility.a */ = {
			isa = PBXReferenceProxy;
			fileType = archive.ar;
			path = libUtility.a;
			remoteRef = 38D451368F61BBA867DACF76 /* PBXContainerItemProxy */;
			sourceTree = BUILT_PRODUCTS_DIR;
		};
/* End PBXReferenceProxy section */

/* Begin PBXResourcesBuildPhase section */
		C3ED04E666DB2B98F6010B26 /* Resources */ = {
			isa = PBXResourcesBuildPhase;
			buildActionMask = 2147483647;
			files = (
			);
			runOnlyForDeploymentPostprocessing = 0;
		};
/* End PBXResourcesBuildPhase section */

/* Begin PBXSourcesBuildPhase section */
		2D9A1E3DD08844EF5FAE247D /* Sources */ = {
			isa = PBXSourcesBuildPhase;
			buildActionMask = 2147483647;
			files = (
				C061B70F16EF2181EF68354F /* AST.cc in Sources */,
				B89CCD5BB25E89CDEC5D8B9B /* ASTNode.cc in Sources */,
				730C311D64039F0FD0071F5D /* CodeGenerator.cc in Sources */,
				BF9EA262A3E5AA9427D2D8A2 /* Allocator.cc in Sources */,
				A5CF0DFC84EC282E60F5843C /* FunctionTable.cc in Sources */,
				F466EE740F335D261303F4B4 /* SourceLocation.cc in Sources */,
				0E2E89625B917F94D1B07FA2 /* Token.cc in Sources */,
				1CAB37A4E016F9561EBA9DE4 /* Type.cc in Sources */,
				207CBB7404C3C3A688B0F1B4 /* TypeTable.cc in Sources */,
				B6F2651B79B2C58DD6E7A35B /* Expression.cc in Sources */,
				948300475B10F7B9C9131E87 /* Function.cc in Sources */,
				BBBB14CB132087BDC52EA30B /* Program.cc in Sources */,
				54E7ABCC28CF2C2F001F87A1 /* ParseTree.cc in Sources */,
				54E7ABD128CF3D00001F87A1 /* ParserError.cc in Sources */,
				97A24EA5398BEA9730B2FCE5 /* Statement.cc in Sources */,
				CC9F4687932D3DF9012F64C7 /* Variable.cc in Sources */,
				AE9911B7DF7D09A9F2953FF7 /* Lexer.cc in Sources */,
				6773D66BD49BE4DDD62ED4AB /* LexerError.cc in Sources */,
				B7972F0D24BF3D7F26522D4D /* LexerUtil.cpp in Sources */,
				CD13EA2E628AA960D127006E /* Keyword.cc in Sources */,
				C9C197DEFBBAE290759A1E1E /* Parser.cc in Sources */,
				1C89F220B200B152209D0860 /* TokenEx.cc in Sources */,
			);
			runOnlyForDeploymentPostprocessing = 0;
		};
/* End PBXSourcesBuildPhase section */

/* Begin PBXTargetDependency section */
		789BCCBFC10CB0F105AB82FF /* PBXTargetDependency */ = {
			isa = PBXTargetDependency;
			name = libUtility.a;
			targetProxy = 8B0EC3CFE19C2E41BA15420F /* PBXContainerItemProxy */;
		};
/* End PBXTargetDependency section */

/* Begin XCBuildConfiguration section */
		0C3E52C559A148F7CFC04905 /* release */ = {
			isa = XCBuildConfiguration;
			buildSettings = {
				ALWAYS_SEARCH_USER_PATHS = NO;
				CONFIGURATION_BUILD_DIR = build/bin/release;
				DEBUG_INFORMATION_FORMAT = "dwarf-with-dsym";
				EXECUTABLE_PREFIX = lib;
				GCC_DYNAMIC_NO_PIC = NO;
				INSTALL_PATH = /usr/local/lib;
				PRODUCT_NAME = scatha;
			};
			name = release;
		};
		22B6EBBD2F739B2FA45E09FD /* release */ = {
			isa = XCBuildConfiguration;
			buildSettings = {
				ARCHS = "$(NATIVE_ARCH_ACTUAL)";
				CLANG_CXX_LANGUAGE_STANDARD = "c++2a";
				CONFIGURATION_BUILD_DIR = "$(SYMROOT)";
				CONFIGURATION_TEMP_DIR = "$(OBJROOT)";
				GCC_OPTIMIZATION_LEVEL = 3;
				GCC_PREPROCESSOR_DEFINITIONS = NDEBUG;
				GCC_SYMBOLS_PRIVATE_EXTERN = NO;
				GCC_WARN_ABOUT_RETURN_TYPE = YES;
				GCC_WARN_UNUSED_VARIABLE = YES;
				OBJROOT = build/obj/release/release/scatha;
				ONLY_ACTIVE_ARCH = NO;
				SYMROOT = build/bin/release;
				SYSTEM_HEADER_SEARCH_PATHS = "include external external/utility $(inherited)";
				USER_HEADER_SEARCH_PATHS = lib;
			};
			name = release;
		};
		C146D4C313CCFFB5E6116303 /* debug */ = {
			isa = XCBuildConfiguration;
			buildSettings = {
				ARCHS = "$(NATIVE_ARCH_ACTUAL)";
				CLANG_CXX_LANGUAGE_STANDARD = "c++2a";
				CONFIGURATION_BUILD_DIR = "$(SYMROOT)";
				CONFIGURATION_TEMP_DIR = "$(OBJROOT)";
				COPY_PHASE_STRIP = NO;
				GCC_ENABLE_FIX_AND_CONTINUE = YES;
				GCC_OPTIMIZATION_LEVEL = 0;
				GCC_SYMBOLS_PRIVATE_EXTERN = NO;
				GCC_WARN_ABOUT_RETURN_TYPE = YES;
				GCC_WARN_UNUSED_VARIABLE = YES;
				OBJROOT = build/obj/debug/debug/scatha;
				ONLY_ACTIVE_ARCH = YES;
				SYMROOT = build/bin/debug;
				SYSTEM_HEADER_SEARCH_PATHS = "include external external/utility $(inherited)";
				USER_HEADER_SEARCH_PATHS = lib;
			};
			name = debug;
		};
		E924C90BAC908ABDEB342F4B /* debug */ = {
			isa = XCBuildConfiguration;
			buildSettings = {
				ALWAYS_SEARCH_USER_PATHS = NO;
				CONFIGURATION_BUILD_DIR = build/bin/debug;
				DEBUG_INFORMATION_FORMAT = "dwarf-with-dsym";
				EXECUTABLE_PREFIX = lib;
				GCC_DYNAMIC_NO_PIC = NO;
				INSTALL_PATH = /usr/local/lib;
				PRODUCT_NAME = scatha;
			};
			name = debug;
		};
/* End XCBuildConfiguration section */

/* Begin XCConfigurationList section */
		1DEB928908733DD80010E9CD /* Build configuration list for PBXProject "scatha" */ = {
			isa = XCConfigurationList;
			buildConfigurations = (
				C146D4C313CCFFB5E6116303 /* debug */,
				22B6EBBD2F739B2FA45E09FD /* release */,
			);
			defaultConfigurationIsVisible = 0;
			defaultConfigurationName = debug;
		};
		4240CCA5E52EF3577454D2E5 /* Build configuration list for PBXNativeTarget "scatha" */ = {
			isa = XCConfigurationList;
			buildConfigurations = (
				E924C90BAC908ABDEB342F4B /* debug */,
				0C3E52C559A148F7CFC04905 /* release */,
			);
			defaultConfigurationIsVisible = 0;
			defaultConfigurationName = debug;
		};
/* End XCConfigurationList section */
	};
	rootObject = 08FB7793FE84155DC02AAC07 /* Project object */;
}
